
Microsoft Visual Studio Solution File, Format Version 12.00
# Visual Studio Version 16
VisualStudioVersion = 16.0.29102.190
MinimumVisualStudioVersion = 10.0.40219.1
Project("{FAE04EC0-301F-11D3-BF4B-00C04F79EFBC}") = "ConsoleUI", "ConsoleUI\ConsoleUI.csproj", "{51799C7D-58D9-488E-9A4A-8E5C5FB6E881}"
EndProject
Project("{FAE04EC0-301F-11D3-BF4B-00C04F79EFBC}") = "Lib", "Lib\Lib.csproj", "{43BA9D89-F66E-4184-9403-C94799071F57}"
EndProject
Project("{FAE04EC0-301F-11D3-BF4B-00C04F79EFBC}") = "UnitTest", "UnitTest\UnitTest.csproj", "{97A7A0B8-7AA7-4D22-903B-84F925ED803B}"
EndProject
Global
	GlobalSection(SolutionConfigurationPlatforms) = preSolution
		Debug|Any CPU = Debug|Any CPU
		Release|Any CPU = Release|Any CPU
	EndGlobalSection
	GlobalSection(ProjectConfigurationPlatforms) = postSolution
		{51799C7D-58D9-488E-9A4A-8E5C5FB6E881}.Debug|Any CPU.ActiveCfg = Debug|Any CPU
		{51799C7D-58D9-488E-9A4A-8E5C5FB6E881}.Debug|Any CPU.Build.0 = Debug|Any CPU
		{51799C7D-58D9-488E-9A4A-8E5C5FB6E881}.Release|Any CPU.ActiveCfg = Release|Any CPU
		{51799C7D-58D9-488E-9A4A-8E5C5FB6E881}.Release|Any CPU.Build.0 = Release|Any CPU
		{43BA9D89-F66E-4184-9403-C94799071F57}.Debug|Any CPU.ActiveCfg = Debug|Any CPU
		{43BA9D89-F66E-4184-9403-C94799071F57}.Debug|Any CPU.Build.0 = Debug|Any CPU
		{43BA9D89-F66E-4184-9403-C94799071F57}.Release|Any CPU.ActiveCfg = Release|Any CPU
		{43BA9D89-F66E-4184-9403-C94799071F57}.Release|Any CPU.Build.0 = Release|Any CPU
		{97A7A0B8-7AA7-4D22-903B-84F925ED803B}.Debug|Any CPU.ActiveCfg = Debug|Any CPU
		{97A7A0B8-7AA7-4D22-903B-84F925ED803B}.Debug|Any CPU.Build.0 = Debug|Any CPU
		{97A7A0B8-7AA7-4D22-903B-84F925ED803B}.Release|Any CPU.ActiveCfg = Release|Any CPU
		{97A7A0B8-7AA7-4D22-903B-84F925ED803B}.Release|Any CPU.Build.0 = Release|Any CPU
	EndGlobalSection
	GlobalSection(SolutionProperties) = preSolution
		HideSolutionNode = FALSE
	EndGlobalSection
	GlobalSection(ExtensibilityGlobals) = postSolution
		SolutionGuid = {08E3C156-2305-4F2C-80EA-AC60B8B5AC55}
	EndGlobalSection
EndGlobal
